
Microsoft Visual Studio Solution File, Format Version 12.00
# Visual Studio Version 16
VisualStudioVersion = 16.0.29609.76
MinimumVisualStudioVersion = 10.0.40219.1
Project("{FAE04EC0-301F-11D3-BF4B-00C04F79EFBC}") = "Exercicio03", "Exercicio03\Exercicio03.csproj", "{D4207F5E-A85A-4054-8B09-5022C5DEB144}"
EndProject
Project("{FAE04EC0-301F-11D3-BF4B-00C04F79EFBC}") = "Exercicio01", "Exercicio01\Exercicio01.csproj", "{114FF7C6-3934-48B7-8F23-E7A5E867C51C}"
EndProject
Project("{FAE04EC0-301F-11D3-BF4B-00C04F79EFBC}") = "Exercicio02", "Exercicio02\Exercicio02.csproj", "{FBA53088-7E91-48B3-B73C-A3DA099EED6C}"
EndProject
Project("{FAE04EC0-301F-11D3-BF4B-00C04F79EFBC}") = "Exercicio04", "Exercicio04\Exercicio04.csproj", "{38F5ABBD-9DA5-43B0-A9AD-80658A7D0415}"
EndProject
Project("{FAE04EC0-301F-11D3-BF4B-00C04F79EFBC}") = "Exercicio05", "Exercicio05\Exercicio05.csproj", "{AE758400-98E5-4B89-9B35-DB63C44EB686}"
EndProject
Project("{FAE04EC0-301F-11D3-BF4B-00C04F79EFBC}") = "Exercicio06", "Exercicio06\Exercicio06.csproj", "{8870E634-347C-4E83-9E32-464687E30D3A}"
EndProject
Project("{FAE04EC0-301F-11D3-BF4B-00C04F79EFBC}") = "Exercicio07", "Exercicio07\Exercicio07.csproj", "{D32F112F-A67C-4752-AA68-21E055162895}"
EndProject
Project("{FAE04EC0-301F-11D3-BF4B-00C04F79EFBC}") = "Exercicio08", "Exercicio08\Exercicio08.csproj", "{2B3F9C11-34DC-4670-AD4A-0574600684D4}"
EndProject
Project("{FAE04EC0-301F-11D3-BF4B-00C04F79EFBC}") = "Exercicio09", "Exercicio09\Exercicio09.csproj", "{B94C6E1A-7519-4AB2-A5ED-EC2FC10712A9}"
EndProject
Project("{FAE04EC0-301F-11D3-BF4B-00C04F79EFBC}") = "Exercicio10", "Exercicio10\Exercicio10.csproj", "{5B636848-3D4F-4142-81D3-257366567841}"
EndProject
Project("{FAE04EC0-301F-11D3-BF4B-00C04F79EFBC}") = "Exercicio11", "Exercicio11\Exercicio11.csproj", "{CE70FE9E-E756-4021-A892-515BD9805122}"
EndProject
Project("{FAE04EC0-301F-11D3-BF4B-00C04F79EFBC}") = "Exercicio12", "Exercicio12\Exercicio12.csproj", "{CF88B6BA-3CC8-4DF7-9EF5-ABFEC2F1EE9B}"
EndProject
Project("{FAE04EC0-301F-11D3-BF4B-00C04F79EFBC}") = "Exercicio13", "Exercicio13\Exercicio13.csproj", "{5093A136-C253-406B-8CD6-508CE9D376A3}"
EndProject
Project("{FAE04EC0-301F-11D3-BF4B-00C04F79EFBC}") = "Exercicio14", "Exercicio14\Exercicio14.csproj", "{D74BFF01-596B-4C4E-8E2B-A89ECD9B050E}"
EndProject
Project("{FAE04EC0-301F-11D3-BF4B-00C04F79EFBC}") = "Exercicio15", "Exercicio15\Exercicio15.csproj", "{9B73545C-4563-4D90-8BE9-BD4AB670A064}"
EndProject
Global
	GlobalSection(SolutionConfigurationPlatforms) = preSolution
		Debug|Any CPU = Debug|Any CPU
		Release|Any CPU = Release|Any CPU
	EndGlobalSection
	GlobalSection(ProjectConfigurationPlatforms) = postSolution
		{D4207F5E-A85A-4054-8B09-5022C5DEB144}.Debug|Any CPU.ActiveCfg = Debug|Any CPU
		{D4207F5E-A85A-4054-8B09-5022C5DEB144}.Debug|Any CPU.Build.0 = Debug|Any CPU
		{D4207F5E-A85A-4054-8B09-5022C5DEB144}.Release|Any CPU.ActiveCfg = Release|Any CPU
		{D4207F5E-A85A-4054-8B09-5022C5DEB144}.Release|Any CPU.Build.0 = Release|Any CPU
		{114FF7C6-3934-48B7-8F23-E7A5E867C51C}.Debug|Any CPU.ActiveCfg = Debug|Any CPU
		{114FF7C6-3934-48B7-8F23-E7A5E867C51C}.Debug|Any CPU.Build.0 = Debug|Any CPU
		{114FF7C6-3934-48B7-8F23-E7A5E867C51C}.Release|Any CPU.ActiveCfg = Release|Any CPU
		{114FF7C6-3934-48B7-8F23-E7A5E867C51C}.Release|Any CPU.Build.0 = Release|Any CPU
		{FBA53088-7E91-48B3-B73C-A3DA099EED6C}.Debug|Any CPU.ActiveCfg = Debug|Any CPU
		{FBA53088-7E91-48B3-B73C-A3DA099EED6C}.Debug|Any CPU.Build.0 = Debug|Any CPU
		{FBA53088-7E91-48B3-B73C-A3DA099EED6C}.Release|Any CPU.ActiveCfg = Release|Any CPU
		{FBA53088-7E91-48B3-B73C-A3DA099EED6C}.Release|Any CPU.Build.0 = Release|Any CPU
		{38F5ABBD-9DA5-43B0-A9AD-80658A7D0415}.Debug|Any CPU.ActiveCfg = Debug|Any CPU
		{38F5ABBD-9DA5-43B0-A9AD-80658A7D0415}.Debug|Any CPU.Build.0 = Debug|Any CPU
		{38F5ABBD-9DA5-43B0-A9AD-80658A7D0415}.Release|Any CPU.ActiveCfg = Release|Any CPU
		{38F5ABBD-9DA5-43B0-A9AD-80658A7D0415}.Release|Any CPU.Build.0 = Release|Any CPU
		{AE758400-98E5-4B89-9B35-DB63C44EB686}.Debug|Any CPU.ActiveCfg = Debug|Any CPU
		{AE758400-98E5-4B89-9B35-DB63C44EB686}.Debug|Any CPU.Build.0 = Debug|Any CPU
		{AE758400-98E5-4B89-9B35-DB63C44EB686}.Release|Any CPU.ActiveCfg = Release|Any CPU
		{AE758400-98E5-4B89-9B35-DB63C44EB686}.Release|Any CPU.Build.0 = Release|Any CPU
		{8870E634-347C-4E83-9E32-464687E30D3A}.Debug|Any CPU.ActiveCfg = Debug|Any CPU
		{8870E634-347C-4E83-9E32-464687E30D3A}.Debug|Any CPU.Build.0 = Debug|Any CPU
		{8870E634-347C-4E83-9E32-464687E30D3A}.Release|Any CPU.ActiveCfg = Release|Any CPU
		{8870E634-347C-4E83-9E32-464687E30D3A}.Release|Any CPU.Build.0 = Release|Any CPU
		{D32F112F-A67C-4752-AA68-21E055162895}.Debug|Any CPU.ActiveCfg = Debug|Any CPU
		{D32F112F-A67C-4752-AA68-21E055162895}.Debug|Any CPU.Build.0 = Debug|Any CPU
		{D32F112F-A67C-4752-AA68-21E055162895}.Release|Any CPU.ActiveCfg = Release|Any CPU
		{D32F112F-A67C-4752-AA68-21E055162895}.Release|Any CPU.Build.0 = Release|Any CPU
		{2B3F9C11-34DC-4670-AD4A-0574600684D4}.Debug|Any CPU.ActiveCfg = Debug|Any CPU
		{2B3F9C11-34DC-4670-AD4A-0574600684D4}.Debug|Any CPU.Build.0 = Debug|Any CPU
		{2B3F9C11-34DC-4670-AD4A-0574600684D4}.Release|Any CPU.ActiveCfg = Release|Any CPU
		{2B3F9C11-34DC-4670-AD4A-0574600684D4}.Release|Any CPU.Build.0 = Release|Any CPU
		{B94C6E1A-7519-4AB2-A5ED-EC2FC10712A9}.Debug|Any CPU.ActiveCfg = Debug|Any CPU
		{B94C6E1A-7519-4AB2-A5ED-EC2FC10712A9}.Debug|Any CPU.Build.0 = Debug|Any CPU
		{B94C6E1A-7519-4AB2-A5ED-EC2FC10712A9}.Release|Any CPU.ActiveCfg = Release|Any CPU
		{B94C6E1A-7519-4AB2-A5ED-EC2FC10712A9}.Release|Any CPU.Build.0 = Release|Any CPU
		{5B636848-3D4F-4142-81D3-257366567841}.Debug|Any CPU.ActiveCfg = Debug|Any CPU
		{5B636848-3D4F-4142-81D3-257366567841}.Debug|Any CPU.Build.0 = Debug|Any CPU
		{5B636848-3D4F-4142-81D3-257366567841}.Release|Any CPU.ActiveCfg = Release|Any CPU
		{5B636848-3D4F-4142-81D3-257366567841}.Release|Any CPU.Build.0 = Release|Any CPU
		{CE70FE9E-E756-4021-A892-515BD9805122}.Debug|Any CPU.ActiveCfg = Debug|Any CPU
		{CE70FE9E-E756-4021-A892-515BD9805122}.Debug|Any CPU.Build.0 = Debug|Any CPU
		{CE70FE9E-E756-4021-A892-515BD9805122}.Release|Any CPU.ActiveCfg = Release|Any CPU
		{CE70FE9E-E756-4021-A892-515BD9805122}.Release|Any CPU.Build.0 = Release|Any CPU
		{CF88B6BA-3CC8-4DF7-9EF5-ABFEC2F1EE9B}.Debug|Any CPU.ActiveCfg = Debug|Any CPU
		{CF88B6BA-3CC8-4DF7-9EF5-ABFEC2F1EE9B}.Debug|Any CPU.Build.0 = Debug|Any CPU
		{CF88B6BA-3CC8-4DF7-9EF5-ABFEC2F1EE9B}.Release|Any CPU.ActiveCfg = Release|Any CPU
		{CF88B6BA-3CC8-4DF7-9EF5-ABFEC2F1EE9B}.Release|Any CPU.Build.0 = Release|Any CPU
		{5093A136-C253-406B-8CD6-508CE9D376A3}.Debug|Any CPU.ActiveCfg = Debug|Any CPU
		{5093A136-C253-406B-8CD6-508CE9D376A3}.Debug|Any CPU.Build.0 = Debug|Any CPU
		{5093A136-C253-406B-8CD6-508CE9D376A3}.Release|Any CPU.ActiveCfg = Release|Any CPU
		{5093A136-C253-406B-8CD6-508CE9D376A3}.Release|Any CPU.Build.0 = Release|Any CPU
		{D74BFF01-596B-4C4E-8E2B-A89ECD9B050E}.Debug|Any CPU.ActiveCfg = Debug|Any CPU
		{D74BFF01-596B-4C4E-8E2B-A89ECD9B050E}.Debug|Any CPU.Build.0 = Debug|Any CPU
		{D74BFF01-596B-4C4E-8E2B-A89ECD9B050E}.Release|Any CPU.ActiveCfg = Release|Any CPU
		{D74BFF01-596B-4C4E-8E2B-A89ECD9B050E}.Release|Any CPU.Build.0 = Release|Any CPU
		{9B73545C-4563-4D90-8BE9-BD4AB670A064}.Debug|Any CPU.ActiveCfg = Debug|Any CPU
		{9B73545C-4563-4D90-8BE9-BD4AB670A064}.Debug|Any CPU.Build.0 = Debug|Any CPU
		{9B73545C-4563-4D90-8BE9-BD4AB670A064}.Release|Any CPU.ActiveCfg = Release|Any CPU
		{9B73545C-4563-4D90-8BE9-BD4AB670A064}.Release|Any CPU.Build.0 = Release|Any CPU
	EndGlobalSection
	GlobalSection(SolutionProperties) = preSolution
		HideSolutionNode = FALSE
	EndGlobalSection
	GlobalSection(ExtensibilityGlobals) = postSolution
		SolutionGuid = {11113FF2-1602-4908-9144-B89135A1D5F4}
	EndGlobalSection
EndGlobal
