
Microsoft Visual Studio Solution File, Format Version 12.00
# Visual Studio Version 16
VisualStudioVersion = 16.0.29609.76
MinimumVisualStudioVersion = 10.0.40219.1
Project("{FAE04EC0-301F-11D3-BF4B-00C04F79EFBC}") = "Exercicio14", "Exercicio14\Exercicio14.csproj", "{22DD349E-CEA6-4887-BCE4-45592E951108}"
EndProject
Project("{FAE04EC0-301F-11D3-BF4B-00C04F79EFBC}") = "Exercicio19", "Exercicio19\Exercicio19.csproj", "{C02F6E04-4C26-4CA3-9E25-4A784090955C}"
EndProject
Project("{FAE04EC0-301F-11D3-BF4B-00C04F79EFBC}") = "Exercicio20", "Exercicio20\Exercicio20.csproj", "{7B4FC118-A4F2-4FDB-98D2-DE190818627A}"
EndProject
Project("{FAE04EC0-301F-11D3-BF4B-00C04F79EFBC}") = "Exercicio01", "Exercicio01\Exercicio01.csproj", "{7BB03331-A7AA-4FC7-A96A-E1F7ECE21B9F}"
EndProject
Project("{FAE04EC0-301F-11D3-BF4B-00C04F79EFBC}") = "Exercicio02", "Exercicio02\Exercicio02.csproj", "{D48729B6-3252-4FD2-8BCE-514E123664B1}"
EndProject
Project("{FAE04EC0-301F-11D3-BF4B-00C04F79EFBC}") = "Exercicio03", "Exercicio03\Exercicio03.csproj", "{4808EA30-3469-4FC4-A108-37A5C3CA81DD}"
EndProject
Project("{FAE04EC0-301F-11D3-BF4B-00C04F79EFBC}") = "Exercicio04", "Exercicio04\Exercicio04.csproj", "{44880093-ABB5-4DD9-A257-218781CC0FA9}"
EndProject
Project("{FAE04EC0-301F-11D3-BF4B-00C04F79EFBC}") = "Exercicio05", "Exercicio05\Exercicio05.csproj", "{B99253BF-FC29-486D-9837-6BF29D6E01DC}"
EndProject
Project("{FAE04EC0-301F-11D3-BF4B-00C04F79EFBC}") = "Exercicio06", "Exercicio06\Exercicio06.csproj", "{A2D38D4D-477D-4043-9757-9207B94AEE91}"
EndProject
Project("{FAE04EC0-301F-11D3-BF4B-00C04F79EFBC}") = "Exercicio07", "Exercicio07\Exercicio07.csproj", "{2320CE81-528D-4407-A29D-B7039407C8B0}"
EndProject
Project("{FAE04EC0-301F-11D3-BF4B-00C04F79EFBC}") = "Exercicio08", "Exercicio08\Exercicio08.csproj", "{8E01FF76-0596-427C-BA59-B5BD43BB584D}"
EndProject
Project("{FAE04EC0-301F-11D3-BF4B-00C04F79EFBC}") = "Exercicio09", "Exercicio09\Exercicio09.csproj", "{E7C06FFE-A642-47C7-98E0-9530E443298D}"
EndProject
Project("{FAE04EC0-301F-11D3-BF4B-00C04F79EFBC}") = "Exercicio10", "Exercicio10\Exercicio10.csproj", "{AC9F4453-464F-44E8-AC10-7214967455F3}"
EndProject
Global
	GlobalSection(SolutionConfigurationPlatforms) = preSolution
		Debug|Any CPU = Debug|Any CPU
		Release|Any CPU = Release|Any CPU
	EndGlobalSection
	GlobalSection(ProjectConfigurationPlatforms) = postSolution
		{22DD349E-CEA6-4887-BCE4-45592E951108}.Debug|Any CPU.ActiveCfg = Debug|Any CPU
		{22DD349E-CEA6-4887-BCE4-45592E951108}.Debug|Any CPU.Build.0 = Debug|Any CPU
		{22DD349E-CEA6-4887-BCE4-45592E951108}.Release|Any CPU.ActiveCfg = Release|Any CPU
		{22DD349E-CEA6-4887-BCE4-45592E951108}.Release|Any CPU.Build.0 = Release|Any CPU
		{C02F6E04-4C26-4CA3-9E25-4A784090955C}.Debug|Any CPU.ActiveCfg = Debug|Any CPU
		{C02F6E04-4C26-4CA3-9E25-4A784090955C}.Debug|Any CPU.Build.0 = Debug|Any CPU
		{C02F6E04-4C26-4CA3-9E25-4A784090955C}.Release|Any CPU.ActiveCfg = Release|Any CPU
		{C02F6E04-4C26-4CA3-9E25-4A784090955C}.Release|Any CPU.Build.0 = Release|Any CPU
		{7B4FC118-A4F2-4FDB-98D2-DE190818627A}.Debug|Any CPU.ActiveCfg = Debug|Any CPU
		{7B4FC118-A4F2-4FDB-98D2-DE190818627A}.Debug|Any CPU.Build.0 = Debug|Any CPU
		{7B4FC118-A4F2-4FDB-98D2-DE190818627A}.Release|Any CPU.ActiveCfg = Release|Any CPU
		{7B4FC118-A4F2-4FDB-98D2-DE190818627A}.Release|Any CPU.Build.0 = Release|Any CPU
		{7BB03331-A7AA-4FC7-A96A-E1F7ECE21B9F}.Debug|Any CPU.ActiveCfg = Debug|Any CPU
		{7BB03331-A7AA-4FC7-A96A-E1F7ECE21B9F}.Debug|Any CPU.Build.0 = Debug|Any CPU
		{7BB03331-A7AA-4FC7-A96A-E1F7ECE21B9F}.Release|Any CPU.ActiveCfg = Release|Any CPU
		{7BB03331-A7AA-4FC7-A96A-E1F7ECE21B9F}.Release|Any CPU.Build.0 = Release|Any CPU
		{D48729B6-3252-4FD2-8BCE-514E123664B1}.Debug|Any CPU.ActiveCfg = Debug|Any CPU
		{D48729B6-3252-4FD2-8BCE-514E123664B1}.Debug|Any CPU.Build.0 = Debug|Any CPU
		{D48729B6-3252-4FD2-8BCE-514E123664B1}.Release|Any CPU.ActiveCfg = Release|Any CPU
		{D48729B6-3252-4FD2-8BCE-514E123664B1}.Release|Any CPU.Build.0 = Release|Any CPU
		{4808EA30-3469-4FC4-A108-37A5C3CA81DD}.Debug|Any CPU.ActiveCfg = Debug|Any CPU
		{4808EA30-3469-4FC4-A108-37A5C3CA81DD}.Debug|Any CPU.Build.0 = Debug|Any CPU
		{4808EA30-3469-4FC4-A108-37A5C3CA81DD}.Release|Any CPU.ActiveCfg = Release|Any CPU
		{4808EA30-3469-4FC4-A108-37A5C3CA81DD}.Release|Any CPU.Build.0 = Release|Any CPU
		{44880093-ABB5-4DD9-A257-218781CC0FA9}.Debug|Any CPU.ActiveCfg = Debug|Any CPU
		{44880093-ABB5-4DD9-A257-218781CC0FA9}.Debug|Any CPU.Build.0 = Debug|Any CPU
		{44880093-ABB5-4DD9-A257-218781CC0FA9}.Release|Any CPU.ActiveCfg = Release|Any CPU
		{44880093-ABB5-4DD9-A257-218781CC0FA9}.Release|Any CPU.Build.0 = Release|Any CPU
		{B99253BF-FC29-486D-9837-6BF29D6E01DC}.Debug|Any CPU.ActiveCfg = Debug|Any CPU
		{B99253BF-FC29-486D-9837-6BF29D6E01DC}.Debug|Any CPU.Build.0 = Debug|Any CPU
		{B99253BF-FC29-486D-9837-6BF29D6E01DC}.Release|Any CPU.ActiveCfg = Release|Any CPU
		{B99253BF-FC29-486D-9837-6BF29D6E01DC}.Release|Any CPU.Build.0 = Release|Any CPU
		{A2D38D4D-477D-4043-9757-9207B94AEE91}.Debug|Any CPU.ActiveCfg = Debug|Any CPU
		{A2D38D4D-477D-4043-9757-9207B94AEE91}.Debug|Any CPU.Build.0 = Debug|Any CPU
		{A2D38D4D-477D-4043-9757-9207B94AEE91}.Release|Any CPU.ActiveCfg = Release|Any CPU
		{A2D38D4D-477D-4043-9757-9207B94AEE91}.Release|Any CPU.Build.0 = Release|Any CPU
		{2320CE81-528D-4407-A29D-B7039407C8B0}.Debug|Any CPU.ActiveCfg = Debug|Any CPU
		{2320CE81-528D-4407-A29D-B7039407C8B0}.Debug|Any CPU.Build.0 = Debug|Any CPU
		{2320CE81-528D-4407-A29D-B7039407C8B0}.Release|Any CPU.ActiveCfg = Release|Any CPU
		{2320CE81-528D-4407-A29D-B7039407C8B0}.Release|Any CPU.Build.0 = Release|Any CPU
		{8E01FF76-0596-427C-BA59-B5BD43BB584D}.Debug|Any CPU.ActiveCfg = Debug|Any CPU
		{8E01FF76-0596-427C-BA59-B5BD43BB584D}.Debug|Any CPU.Build.0 = Debug|Any CPU
		{8E01FF76-0596-427C-BA59-B5BD43BB584D}.Release|Any CPU.ActiveCfg = Release|Any CPU
		{8E01FF76-0596-427C-BA59-B5BD43BB584D}.Release|Any CPU.Build.0 = Release|Any CPU
		{E7C06FFE-A642-47C7-98E0-9530E443298D}.Debug|Any CPU.ActiveCfg = Debug|Any CPU
		{E7C06FFE-A642-47C7-98E0-9530E443298D}.Debug|Any CPU.Build.0 = Debug|Any CPU
		{E7C06FFE-A642-47C7-98E0-9530E443298D}.Release|Any CPU.ActiveCfg = Release|Any CPU
		{E7C06FFE-A642-47C7-98E0-9530E443298D}.Release|Any CPU.Build.0 = Release|Any CPU
		{AC9F4453-464F-44E8-AC10-7214967455F3}.Debug|Any CPU.ActiveCfg = Debug|Any CPU
		{AC9F4453-464F-44E8-AC10-7214967455F3}.Debug|Any CPU.Build.0 = Debug|Any CPU
		{AC9F4453-464F-44E8-AC10-7214967455F3}.Release|Any CPU.ActiveCfg = Release|Any CPU
		{AC9F4453-464F-44E8-AC10-7214967455F3}.Release|Any CPU.Build.0 = Release|Any CPU
	EndGlobalSection
	GlobalSection(SolutionProperties) = preSolution
		HideSolutionNode = FALSE
	EndGlobalSection
	GlobalSection(ExtensibilityGlobals) = postSolution
		SolutionGuid = {FBF1EF6F-7A69-4C66-A7EC-2536E99BDD6A}
	EndGlobalSection
EndGlobal
