
Microsoft Visual Studio Solution File, Format Version 12.00
# Visual Studio Version 16
VisualStudioVersion = 16.0.29609.76
MinimumVisualStudioVersion = 10.0.40219.1
Project("{FAE04EC0-301F-11D3-BF4B-00C04F79EFBC}") = "Exercicio14", "Exercicio14\Exercicio14.csproj", "{22DD349E-CEA6-4887-BCE4-45592E951108}"
EndProject
Project("{FAE04EC0-301F-11D3-BF4B-00C04F79EFBC}") = "Exercicio19", "Exercicio19\Exercicio19.csproj", "{C02F6E04-4C26-4CA3-9E25-4A784090955C}"
EndProject
Project("{FAE04EC0-301F-11D3-BF4B-00C04F79EFBC}") = "Exercicio20", "Exercicio20\Exercicio20.csproj", "{7B4FC118-A4F2-4FDB-98D2-DE190818627A}"
EndProject
Global
	GlobalSection(SolutionConfigurationPlatforms) = preSolution
		Debug|Any CPU = Debug|Any CPU
		Release|Any CPU = Release|Any CPU
	EndGlobalSection
	GlobalSection(ProjectConfigurationPlatforms) = postSolution
		{22DD349E-CEA6-4887-BCE4-45592E951108}.Debug|Any CPU.ActiveCfg = Debug|Any CPU
		{22DD349E-CEA6-4887-BCE4-45592E951108}.Debug|Any CPU.Build.0 = Debug|Any CPU
		{22DD349E-CEA6-4887-BCE4-45592E951108}.Release|Any CPU.ActiveCfg = Release|Any CPU
		{22DD349E-CEA6-4887-BCE4-45592E951108}.Release|Any CPU.Build.0 = Release|Any CPU
		{C02F6E04-4C26-4CA3-9E25-4A784090955C}.Debug|Any CPU.ActiveCfg = Debug|Any CPU
		{C02F6E04-4C26-4CA3-9E25-4A784090955C}.Debug|Any CPU.Build.0 = Debug|Any CPU
		{C02F6E04-4C26-4CA3-9E25-4A784090955C}.Release|Any CPU.ActiveCfg = Release|Any CPU
		{C02F6E04-4C26-4CA3-9E25-4A784090955C}.Release|Any CPU.Build.0 = Release|Any CPU
		{7B4FC118-A4F2-4FDB-98D2-DE190818627A}.Debug|Any CPU.ActiveCfg = Debug|Any CPU
		{7B4FC118-A4F2-4FDB-98D2-DE190818627A}.Debug|Any CPU.Build.0 = Debug|Any CPU
		{7B4FC118-A4F2-4FDB-98D2-DE190818627A}.Release|Any CPU.ActiveCfg = Release|Any CPU
		{7B4FC118-A4F2-4FDB-98D2-DE190818627A}.Release|Any CPU.Build.0 = Release|Any CPU
	EndGlobalSection
	GlobalSection(SolutionProperties) = preSolution
		HideSolutionNode = FALSE
	EndGlobalSection
	GlobalSection(ExtensibilityGlobals) = postSolution
		SolutionGuid = {FBF1EF6F-7A69-4C66-A7EC-2536E99BDD6A}
	EndGlobalSection
EndGlobal
