
Microsoft Visual Studio Solution File, Format Version 12.00
# Visual Studio Version 16
VisualStudioVersion = 16.0.29806.167
MinimumVisualStudioVersion = 10.0.40219.1
Project("{FAE04EC0-301F-11D3-BF4B-00C04F79EFBC}") = "Exercicio01", "Exercicio01\Exercicio01.csproj", "{4DFC9958-D943-4DCB-94AA-F86372609AA7}"
EndProject
Project("{FAE04EC0-301F-11D3-BF4B-00C04F79EFBC}") = "Exercicio02", "Exercicio02\Exercicio02.csproj", "{CF91022C-123B-4189-A2AA-EE214D0DF10B}"
EndProject
Project("{FAE04EC0-301F-11D3-BF4B-00C04F79EFBC}") = "Exercicio03", "Exercicio03\Exercicio03.csproj", "{BCD46192-7FDA-45BD-AED2-DDE2EC0BB51C}"
EndProject
Project("{FAE04EC0-301F-11D3-BF4B-00C04F79EFBC}") = "Exercicio04", "Exercicio04\Exercicio04.csproj", "{8F8CD1B3-7D83-4B04-9525-D7AF510489C4}"
EndProject
Project("{FAE04EC0-301F-11D3-BF4B-00C04F79EFBC}") = "Exercicio05", "Exercicio05\Exercicio05.csproj", "{E69D4501-9DD5-40FE-9FBA-874DFB5D848D}"
EndProject
Project("{FAE04EC0-301F-11D3-BF4B-00C04F79EFBC}") = "Exercicio06", "Exercicio06\Exercicio06.csproj", "{6082B719-D281-4F8F-B70C-16C845CC1986}"
EndProject
Project("{FAE04EC0-301F-11D3-BF4B-00C04F79EFBC}") = "Exercicio07", "Exercicio07\Exercicio07.csproj", "{F0914B12-E52E-486C-A92F-D4C9367875C0}"
EndProject
Project("{FAE04EC0-301F-11D3-BF4B-00C04F79EFBC}") = "Exercicio08", "Exercicio08\Exercicio08.csproj", "{1535282A-C927-480E-9A63-617F89AFC7C5}"
EndProject
Project("{FAE04EC0-301F-11D3-BF4B-00C04F79EFBC}") = "Exercicio09", "Exercicio09\Exercicio09.csproj", "{9C6A5289-C7FD-4CEA-8673-772F8479F1F7}"
EndProject
Project("{FAE04EC0-301F-11D3-BF4B-00C04F79EFBC}") = "Exercicio10", "Exercicio10\Exercicio10.csproj", "{12FFC723-F243-4196-822E-4A874AC29A85}"
EndProject
Project("{FAE04EC0-301F-11D3-BF4B-00C04F79EFBC}") = "Exercicio11", "Exercicio11\Exercicio11.csproj", "{F14AEDAB-D66A-42C7-8431-090E8A9415A2}"
EndProject
Project("{FAE04EC0-301F-11D3-BF4B-00C04F79EFBC}") = "Exercicio12", "Exercicio12\Exercicio12.csproj", "{707FF5F9-99E9-4925-94C6-E3A107541195}"
EndProject
Project("{FAE04EC0-301F-11D3-BF4B-00C04F79EFBC}") = "Exercicio13", "Exercicio13\Exercicio13.csproj", "{AF91AAA7-76F0-4FCC-B5F4-A01D8FCE6311}"
EndProject
Project("{FAE04EC0-301F-11D3-BF4B-00C04F79EFBC}") = "Exercicio14", "Exercicio14\Exercicio14.csproj", "{33A77EB1-3FCD-4FEB-9091-3A2AF68CEAD5}"
EndProject
Project("{FAE04EC0-301F-11D3-BF4B-00C04F79EFBC}") = "Exercicio15", "Exercicio15\Exercicio15.csproj", "{03CC4296-99A1-46FF-B94D-0BAE6DECF350}"
EndProject
Project("{FAE04EC0-301F-11D3-BF4B-00C04F79EFBC}") = "Exercicio16", "Exercicio16\Exercicio16.csproj", "{CDC5A571-5603-4DC8-8D1A-096258690322}"
EndProject
Project("{FAE04EC0-301F-11D3-BF4B-00C04F79EFBC}") = "Exercicio17", "Exercicio17\Exercicio17.csproj", "{48B79829-F7C2-4E6E-8764-76725C5B4CE8}"
EndProject
Project("{FAE04EC0-301F-11D3-BF4B-00C04F79EFBC}") = "Exercicio18", "Exercicio18\Exercicio18.csproj", "{14161BD4-63B8-4C00-9C59-1C0DE9E54A2D}"
EndProject
Project("{FAE04EC0-301F-11D3-BF4B-00C04F79EFBC}") = "Exercicio19", "Exercicio19\Exercicio19.csproj", "{571A8A7A-148C-4456-A457-80DC149833F3}"
EndProject
Project("{FAE04EC0-301F-11D3-BF4B-00C04F79EFBC}") = "Exercicio20", "Exercicio20\Exercicio20.csproj", "{59071F23-30A5-4DCD-947D-CFFC641839BE}"
EndProject
Global
	GlobalSection(SolutionConfigurationPlatforms) = preSolution
		Debug|Any CPU = Debug|Any CPU
		Release|Any CPU = Release|Any CPU
	EndGlobalSection
	GlobalSection(ProjectConfigurationPlatforms) = postSolution
		{4DFC9958-D943-4DCB-94AA-F86372609AA7}.Debug|Any CPU.ActiveCfg = Debug|Any CPU
		{4DFC9958-D943-4DCB-94AA-F86372609AA7}.Debug|Any CPU.Build.0 = Debug|Any CPU
		{4DFC9958-D943-4DCB-94AA-F86372609AA7}.Release|Any CPU.ActiveCfg = Release|Any CPU
		{4DFC9958-D943-4DCB-94AA-F86372609AA7}.Release|Any CPU.Build.0 = Release|Any CPU
		{CF91022C-123B-4189-A2AA-EE214D0DF10B}.Debug|Any CPU.ActiveCfg = Debug|Any CPU
		{CF91022C-123B-4189-A2AA-EE214D0DF10B}.Debug|Any CPU.Build.0 = Debug|Any CPU
		{CF91022C-123B-4189-A2AA-EE214D0DF10B}.Release|Any CPU.ActiveCfg = Release|Any CPU
		{CF91022C-123B-4189-A2AA-EE214D0DF10B}.Release|Any CPU.Build.0 = Release|Any CPU
		{BCD46192-7FDA-45BD-AED2-DDE2EC0BB51C}.Debug|Any CPU.ActiveCfg = Debug|Any CPU
		{BCD46192-7FDA-45BD-AED2-DDE2EC0BB51C}.Debug|Any CPU.Build.0 = Debug|Any CPU
		{BCD46192-7FDA-45BD-AED2-DDE2EC0BB51C}.Release|Any CPU.ActiveCfg = Release|Any CPU
		{BCD46192-7FDA-45BD-AED2-DDE2EC0BB51C}.Release|Any CPU.Build.0 = Release|Any CPU
		{8F8CD1B3-7D83-4B04-9525-D7AF510489C4}.Debug|Any CPU.ActiveCfg = Debug|Any CPU
		{8F8CD1B3-7D83-4B04-9525-D7AF510489C4}.Debug|Any CPU.Build.0 = Debug|Any CPU
		{8F8CD1B3-7D83-4B04-9525-D7AF510489C4}.Release|Any CPU.ActiveCfg = Release|Any CPU
		{8F8CD1B3-7D83-4B04-9525-D7AF510489C4}.Release|Any CPU.Build.0 = Release|Any CPU
		{E69D4501-9DD5-40FE-9FBA-874DFB5D848D}.Debug|Any CPU.ActiveCfg = Debug|Any CPU
		{E69D4501-9DD5-40FE-9FBA-874DFB5D848D}.Debug|Any CPU.Build.0 = Debug|Any CPU
		{E69D4501-9DD5-40FE-9FBA-874DFB5D848D}.Release|Any CPU.ActiveCfg = Release|Any CPU
		{E69D4501-9DD5-40FE-9FBA-874DFB5D848D}.Release|Any CPU.Build.0 = Release|Any CPU
		{6082B719-D281-4F8F-B70C-16C845CC1986}.Debug|Any CPU.ActiveCfg = Debug|Any CPU
		{6082B719-D281-4F8F-B70C-16C845CC1986}.Debug|Any CPU.Build.0 = Debug|Any CPU
		{6082B719-D281-4F8F-B70C-16C845CC1986}.Release|Any CPU.ActiveCfg = Release|Any CPU
		{6082B719-D281-4F8F-B70C-16C845CC1986}.Release|Any CPU.Build.0 = Release|Any CPU
		{F0914B12-E52E-486C-A92F-D4C9367875C0}.Debug|Any CPU.ActiveCfg = Debug|Any CPU
		{F0914B12-E52E-486C-A92F-D4C9367875C0}.Debug|Any CPU.Build.0 = Debug|Any CPU
		{F0914B12-E52E-486C-A92F-D4C9367875C0}.Release|Any CPU.ActiveCfg = Release|Any CPU
		{F0914B12-E52E-486C-A92F-D4C9367875C0}.Release|Any CPU.Build.0 = Release|Any CPU
		{1535282A-C927-480E-9A63-617F89AFC7C5}.Debug|Any CPU.ActiveCfg = Debug|Any CPU
		{1535282A-C927-480E-9A63-617F89AFC7C5}.Debug|Any CPU.Build.0 = Debug|Any CPU
		{1535282A-C927-480E-9A63-617F89AFC7C5}.Release|Any CPU.ActiveCfg = Release|Any CPU
		{1535282A-C927-480E-9A63-617F89AFC7C5}.Release|Any CPU.Build.0 = Release|Any CPU
		{9C6A5289-C7FD-4CEA-8673-772F8479F1F7}.Debug|Any CPU.ActiveCfg = Debug|Any CPU
		{9C6A5289-C7FD-4CEA-8673-772F8479F1F7}.Debug|Any CPU.Build.0 = Debug|Any CPU
		{9C6A5289-C7FD-4CEA-8673-772F8479F1F7}.Release|Any CPU.ActiveCfg = Release|Any CPU
		{9C6A5289-C7FD-4CEA-8673-772F8479F1F7}.Release|Any CPU.Build.0 = Release|Any CPU
		{12FFC723-F243-4196-822E-4A874AC29A85}.Debug|Any CPU.ActiveCfg = Debug|Any CPU
		{12FFC723-F243-4196-822E-4A874AC29A85}.Debug|Any CPU.Build.0 = Debug|Any CPU
		{12FFC723-F243-4196-822E-4A874AC29A85}.Release|Any CPU.ActiveCfg = Release|Any CPU
		{12FFC723-F243-4196-822E-4A874AC29A85}.Release|Any CPU.Build.0 = Release|Any CPU
		{F14AEDAB-D66A-42C7-8431-090E8A9415A2}.Debug|Any CPU.ActiveCfg = Debug|Any CPU
		{F14AEDAB-D66A-42C7-8431-090E8A9415A2}.Debug|Any CPU.Build.0 = Debug|Any CPU
		{F14AEDAB-D66A-42C7-8431-090E8A9415A2}.Release|Any CPU.ActiveCfg = Release|Any CPU
		{F14AEDAB-D66A-42C7-8431-090E8A9415A2}.Release|Any CPU.Build.0 = Release|Any CPU
		{707FF5F9-99E9-4925-94C6-E3A107541195}.Debug|Any CPU.ActiveCfg = Debug|Any CPU
		{707FF5F9-99E9-4925-94C6-E3A107541195}.Debug|Any CPU.Build.0 = Debug|Any CPU
		{707FF5F9-99E9-4925-94C6-E3A107541195}.Release|Any CPU.ActiveCfg = Release|Any CPU
		{707FF5F9-99E9-4925-94C6-E3A107541195}.Release|Any CPU.Build.0 = Release|Any CPU
		{AF91AAA7-76F0-4FCC-B5F4-A01D8FCE6311}.Debug|Any CPU.ActiveCfg = Debug|Any CPU
		{AF91AAA7-76F0-4FCC-B5F4-A01D8FCE6311}.Debug|Any CPU.Build.0 = Debug|Any CPU
		{AF91AAA7-76F0-4FCC-B5F4-A01D8FCE6311}.Release|Any CPU.ActiveCfg = Release|Any CPU
		{AF91AAA7-76F0-4FCC-B5F4-A01D8FCE6311}.Release|Any CPU.Build.0 = Release|Any CPU
		{33A77EB1-3FCD-4FEB-9091-3A2AF68CEAD5}.Debug|Any CPU.ActiveCfg = Debug|Any CPU
		{33A77EB1-3FCD-4FEB-9091-3A2AF68CEAD5}.Debug|Any CPU.Build.0 = Debug|Any CPU
		{33A77EB1-3FCD-4FEB-9091-3A2AF68CEAD5}.Release|Any CPU.ActiveCfg = Release|Any CPU
		{33A77EB1-3FCD-4FEB-9091-3A2AF68CEAD5}.Release|Any CPU.Build.0 = Release|Any CPU
		{03CC4296-99A1-46FF-B94D-0BAE6DECF350}.Debug|Any CPU.ActiveCfg = Debug|Any CPU
		{03CC4296-99A1-46FF-B94D-0BAE6DECF350}.Debug|Any CPU.Build.0 = Debug|Any CPU
		{03CC4296-99A1-46FF-B94D-0BAE6DECF350}.Release|Any CPU.ActiveCfg = Release|Any CPU
		{03CC4296-99A1-46FF-B94D-0BAE6DECF350}.Release|Any CPU.Build.0 = Release|Any CPU
		{CDC5A571-5603-4DC8-8D1A-096258690322}.Debug|Any CPU.ActiveCfg = Debug|Any CPU
		{CDC5A571-5603-4DC8-8D1A-096258690322}.Debug|Any CPU.Build.0 = Debug|Any CPU
		{CDC5A571-5603-4DC8-8D1A-096258690322}.Release|Any CPU.ActiveCfg = Release|Any CPU
		{CDC5A571-5603-4DC8-8D1A-096258690322}.Release|Any CPU.Build.0 = Release|Any CPU
		{48B79829-F7C2-4E6E-8764-76725C5B4CE8}.Debug|Any CPU.ActiveCfg = Debug|Any CPU
		{48B79829-F7C2-4E6E-8764-76725C5B4CE8}.Debug|Any CPU.Build.0 = Debug|Any CPU
		{48B79829-F7C2-4E6E-8764-76725C5B4CE8}.Release|Any CPU.ActiveCfg = Release|Any CPU
		{48B79829-F7C2-4E6E-8764-76725C5B4CE8}.Release|Any CPU.Build.0 = Release|Any CPU
		{14161BD4-63B8-4C00-9C59-1C0DE9E54A2D}.Debug|Any CPU.ActiveCfg = Debug|Any CPU
		{14161BD4-63B8-4C00-9C59-1C0DE9E54A2D}.Debug|Any CPU.Build.0 = Debug|Any CPU
		{14161BD4-63B8-4C00-9C59-1C0DE9E54A2D}.Release|Any CPU.ActiveCfg = Release|Any CPU
		{14161BD4-63B8-4C00-9C59-1C0DE9E54A2D}.Release|Any CPU.Build.0 = Release|Any CPU
		{571A8A7A-148C-4456-A457-80DC149833F3}.Debug|Any CPU.ActiveCfg = Debug|Any CPU
		{571A8A7A-148C-4456-A457-80DC149833F3}.Debug|Any CPU.Build.0 = Debug|Any CPU
		{571A8A7A-148C-4456-A457-80DC149833F3}.Release|Any CPU.ActiveCfg = Release|Any CPU
		{571A8A7A-148C-4456-A457-80DC149833F3}.Release|Any CPU.Build.0 = Release|Any CPU
		{59071F23-30A5-4DCD-947D-CFFC641839BE}.Debug|Any CPU.ActiveCfg = Debug|Any CPU
		{59071F23-30A5-4DCD-947D-CFFC641839BE}.Debug|Any CPU.Build.0 = Debug|Any CPU
		{59071F23-30A5-4DCD-947D-CFFC641839BE}.Release|Any CPU.ActiveCfg = Release|Any CPU
		{59071F23-30A5-4DCD-947D-CFFC641839BE}.Release|Any CPU.Build.0 = Release|Any CPU
	EndGlobalSection
	GlobalSection(SolutionProperties) = preSolution
		HideSolutionNode = FALSE
	EndGlobalSection
	GlobalSection(ExtensibilityGlobals) = postSolution
		SolutionGuid = {AF86A434-4942-4748-BFEA-67A57CA553EF}
	EndGlobalSection
EndGlobal
