
Microsoft Visual Studio Solution File, Format Version 12.00
# Visual Studio Version 16
VisualStudioVersion = 16.0.29609.76
MinimumVisualStudioVersion = 10.0.40219.1
Project("{FAE04EC0-301F-11D3-BF4B-00C04F79EFBC}") = "Exercicio11", "Exercicio11\Exercicio11.csproj", "{5F226EB8-CCC0-4260-A8DA-27A2E735B9F1}"
EndProject
Global
	GlobalSection(SolutionConfigurationPlatforms) = preSolution
		Debug|Any CPU = Debug|Any CPU
		Release|Any CPU = Release|Any CPU
	EndGlobalSection
	GlobalSection(ProjectConfigurationPlatforms) = postSolution
		{5F226EB8-CCC0-4260-A8DA-27A2E735B9F1}.Debug|Any CPU.ActiveCfg = Debug|Any CPU
		{5F226EB8-CCC0-4260-A8DA-27A2E735B9F1}.Debug|Any CPU.Build.0 = Debug|Any CPU
		{5F226EB8-CCC0-4260-A8DA-27A2E735B9F1}.Release|Any CPU.ActiveCfg = Release|Any CPU
		{5F226EB8-CCC0-4260-A8DA-27A2E735B9F1}.Release|Any CPU.Build.0 = Release|Any CPU
	EndGlobalSection
	GlobalSection(SolutionProperties) = preSolution
		HideSolutionNode = FALSE
	EndGlobalSection
	GlobalSection(ExtensibilityGlobals) = postSolution
		SolutionGuid = {3B887AD6-98F4-46E4-A29E-06242B230C43}
	EndGlobalSection
EndGlobal
